// !$*UTF8*$!
{
	archiveVersion = 1;
	classes = {
	};
	objectVersion = 55;
	objects = {

/* Begin PBXBuildFile section */
		322099882761385E005DFE09 /* item.cpp in Sources */ = {isa = PBXBuildFile; fileRef = 322099862761385E005DFE09 /* item.cpp */; };
		322099912761404A005DFE09 /* player.cpp in Sources */ = {isa = PBXBuildFile; fileRef = 3220998F2761404A005DFE09 /* player.cpp */; };
		32209994276141CC005DFE09 /* enemy.cpp in Sources */ = {isa = PBXBuildFile; fileRef = 32209992276141CC005DFE09 /* enemy.cpp */; };
		32209997276165C6005DFE09 /* round.cpp in Sources */ = {isa = PBXBuildFile; fileRef = 32209995276165C6005DFE09 /* round.cpp */; };
		3220999A2762C397005DFE09 /* hand.cpp in Sources */ = {isa = PBXBuildFile; fileRef = 322099982762C397005DFE09 /* hand.cpp */; };
		3220999D276304F7005DFE09 /* game.cpp in Sources */ = {isa = PBXBuildFile; fileRef = 3220999B276304F7005DFE09 /* game.cpp */; };
		323BF2E7275DB6C500AC7965 /* main.cpp in Sources */ = {isa = PBXBuildFile; fileRef = 323BF2E6275DB6C500AC7965 /* main.cpp */; };
		324EF1D6276136130092735B /* character.cpp in Sources */ = {isa = PBXBuildFile; fileRef = 324EF1D4276136130092735B /* character.cpp */; };
/* End PBXBuildFile section */

/* Begin PBXCopyFilesBuildPhase section */
		323BF2E1275DB6C500AC7965 /* CopyFiles */ = {
			isa = PBXCopyFilesBuildPhase;
			buildActionMask = 2147483647;
			dstPath = /usr/share/man/man1/;
			dstSubfolderSpec = 0;
			files = (
			);
			runOnlyForDeploymentPostprocessing = 1;
		};
/* End PBXCopyFilesBuildPhase section */

/* Begin PBXFileReference section */
		322099862761385E005DFE09 /* item.cpp */ = {isa = PBXFileReference; lastKnownFileType = sourcecode.cpp.cpp; path = item.cpp; sourceTree = "<group>"; };
		322099872761385E005DFE09 /* item.hpp */ = {isa = PBXFileReference; lastKnownFileType = sourcecode.cpp.h; path = item.hpp; sourceTree = "<group>"; };
		3220998F2761404A005DFE09 /* player.cpp */ = {isa = PBXFileReference; lastKnownFileType = sourcecode.cpp.cpp; path = player.cpp; sourceTree = "<group>"; };
		322099902761404A005DFE09 /* player.hpp */ = {isa = PBXFileReference; lastKnownFileType = sourcecode.cpp.h; path = player.hpp; sourceTree = "<group>"; };
		32209992276141CC005DFE09 /* enemy.cpp */ = {isa = PBXFileReference; lastKnownFileType = sourcecode.cpp.cpp; path = enemy.cpp; sourceTree = "<group>"; };
		32209993276141CC005DFE09 /* enemy.hpp */ = {isa = PBXFileReference; lastKnownFileType = sourcecode.cpp.h; path = enemy.hpp; sourceTree = "<group>"; };
		32209995276165C6005DFE09 /* round.cpp */ = {isa = PBXFileReference; lastKnownFileType = sourcecode.cpp.cpp; path = round.cpp; sourceTree = "<group>"; };
		32209996276165C6005DFE09 /* round.hpp */ = {isa = PBXFileReference; lastKnownFileType = sourcecode.cpp.h; path = round.hpp; sourceTree = "<group>"; };
		322099982762C397005DFE09 /* hand.cpp */ = {isa = PBXFileReference; lastKnownFileType = sourcecode.cpp.cpp; path = hand.cpp; sourceTree = "<group>"; };
		322099992762C397005DFE09 /* hand.hpp */ = {isa = PBXFileReference; lastKnownFileType = sourcecode.cpp.h; path = hand.hpp; sourceTree = "<group>"; };
		3220999B276304F7005DFE09 /* game.cpp */ = {isa = PBXFileReference; lastKnownFileType = sourcecode.cpp.cpp; path = game.cpp; sourceTree = "<group>"; };
		3220999C276304F7005DFE09 /* game.hpp */ = {isa = PBXFileReference; lastKnownFileType = sourcecode.cpp.h; path = game.hpp; sourceTree = "<group>"; };
		323BF2E3275DB6C500AC7965 /* AdvancedRPSGame */ = {isa = PBXFileReference; explicitFileType = "compiled.mach-o.executable"; includeInIndex = 0; path = AdvancedRPSGame; sourceTree = BUILT_PRODUCTS_DIR; };
		323BF2E6275DB6C500AC7965 /* main.cpp */ = {isa = PBXFileReference; lastKnownFileType = sourcecode.cpp.cpp; path = main.cpp; sourceTree = "<group>"; };
		324EF1D4276136130092735B /* character.cpp */ = {isa = PBXFileReference; lastKnownFileType = sourcecode.cpp.cpp; path = character.cpp; sourceTree = "<group>"; };
		324EF1D5276136130092735B /* character.hpp */ = {isa = PBXFileReference; lastKnownFileType = sourcecode.cpp.h; path = character.hpp; sourceTree = "<group>"; };
/* End PBXFileReference section */

/* Begin PBXFrameworksBuildPhase section */
		323BF2E0275DB6C500AC7965 /* Frameworks */ = {
			isa = PBXFrameworksBuildPhase;
			buildActionMask = 2147483647;
			files = (
			);
			runOnlyForDeploymentPostprocessing = 0;
		};
/* End PBXFrameworksBuildPhase section */

/* Begin PBXGroup section */
		323BF2DA275DB6C500AC7965 = {
			isa = PBXGroup;
			children = (
				323BF2E5275DB6C500AC7965 /* AdvancedRPSGame */,
				323BF2E4275DB6C500AC7965 /* Products */,
			);
			sourceTree = "<group>";
		};
		323BF2E4275DB6C500AC7965 /* Products */ = {
			isa = PBXGroup;
			children = (
				323BF2E3275DB6C500AC7965 /* AdvancedRPSGame */,
			);
			name = Products;
			sourceTree = "<group>";
		};
		323BF2E5275DB6C500AC7965 /* AdvancedRPSGame */ = {
			isa = PBXGroup;
			children = (
				322099982762C397005DFE09 /* hand.cpp */,
				322099992762C397005DFE09 /* hand.hpp */,
				323BF2E6275DB6C500AC7965 /* main.cpp */,
				324EF1D4276136130092735B /* character.cpp */,
				324EF1D5276136130092735B /* character.hpp */,
				3220999B276304F7005DFE09 /* game.cpp */,
				3220999C276304F7005DFE09 /* game.hpp */,
				32209995276165C6005DFE09 /* round.cpp */,
				32209996276165C6005DFE09 /* round.hpp */,
				3220998F2761404A005DFE09 /* player.cpp */,
				322099902761404A005DFE09 /* player.hpp */,
				32209992276141CC005DFE09 /* enemy.cpp */,
				32209993276141CC005DFE09 /* enemy.hpp */,
				322099862761385E005DFE09 /* item.cpp */,
				322099872761385E005DFE09 /* item.hpp */,
			);
			path = AdvancedRPSGame;
			sourceTree = "<group>";
		};
/* End PBXGroup section */

/* Begin PBXNativeTarget section */
		323BF2E2275DB6C500AC7965 /* AdvancedRPSGame */ = {
			isa = PBXNativeTarget;
			buildConfigurationList = 323BF2EA275DB6C500AC7965 /* Build configuration list for PBXNativeTarget "AdvancedRPSGame" */;
			buildPhases = (
				323BF2DF275DB6C500AC7965 /* Sources */,
				323BF2E0275DB6C500AC7965 /* Frameworks */,
				323BF2E1275DB6C500AC7965 /* CopyFiles */,
			);
			buildRules = (
			);
			dependencies = (
			);
			name = AdvancedRPSGame;
			productName = AdvancedRPSGame;
			productReference = 323BF2E3275DB6C500AC7965 /* AdvancedRPSGame */;
			productType = "com.apple.product-type.tool";
		};
/* End PBXNativeTarget section */

/* Begin PBXProject section */
		323BF2DB275DB6C500AC7965 /* Project object */ = {
			isa = PBXProject;
			attributes = {
				BuildIndependentTargetsInParallel = 1;
				LastUpgradeCheck = 1310;
				TargetAttributes = {
					323BF2E2275DB6C500AC7965 = {
						CreatedOnToolsVersion = 13.1;
					};
				};
			};
			buildConfigurationList = 323BF2DE275DB6C500AC7965 /* Build configuration list for PBXProject "AdvancedRPSGame" */;
			compatibilityVersion = "Xcode 13.0";
			developmentRegion = en;
			hasScannedForEncodings = 0;
			knownRegions = (
				en,
				Base,
			);
			mainGroup = 323BF2DA275DB6C500AC7965;
			productRefGroup = 323BF2E4275DB6C500AC7965 /* Products */;
			projectDirPath = "";
			projectRoot = "";
			targets = (
				323BF2E2275DB6C500AC7965 /* AdvancedRPSGame */,
			);
		};
/* End PBXProject section */

/* Begin PBXSourcesBuildPhase section */
		323BF2DF275DB6C500AC7965 /* Sources */ = {
			isa = PBXSourcesBuildPhase;
			buildActionMask = 2147483647;
			files = (
				323BF2E7275DB6C500AC7965 /* main.cpp in Sources */,
				3220999A2762C397005DFE09 /* hand.cpp in Sources */,
				3220999D276304F7005DFE09 /* game.cpp in Sources */,
				32209997276165C6005DFE09 /* round.cpp in Sources */,
				322099912761404A005DFE09 /* player.cpp in Sources */,
				324EF1D6276136130092735B /* character.cpp in Sources */,
				322099882761385E005DFE09 /* item.cpp in Sources */,
				32209994276141CC005DFE09 /* enemy.cpp in Sources */,
			);
			runOnlyForDeploymentPostprocessing = 0;
		};
/* End PBXSourcesBuildPhase section */

/* Begin XCBuildConfiguration section */
		323BF2E8275DB6C500AC7965 /* Debug */ = {
			isa = XCBuildConfiguration;
			buildSettings = {
				ALWAYS_SEARCH_USER_PATHS = NO;
				CLANG_ANALYZER_NONNULL = YES;
				CLANG_ANALYZER_NUMBER_OBJECT_CONVERSION = YES_AGGRESSIVE;
				CLANG_CXX_LANGUAGE_STANDARD = "gnu++17";
				CLANG_CXX_LIBRARY = "libc++";
				CLANG_ENABLE_MODULES = YES;
				CLANG_ENABLE_OBJC_ARC = YES;
				CLANG_ENABLE_OBJC_WEAK = YES;
				CLANG_WARN_BLOCK_CAPTURE_AUTORELEASING = YES;
				CLANG_WARN_BOOL_CONVERSION = YES;
				CLANG_WARN_COMMA = YES;
				CLANG_WARN_CONSTANT_CONVERSION = YES;
				CLANG_WARN_DEPRECATED_OBJC_IMPLEMENTATIONS = YES;
				CLANG_WARN_DIRECT_OBJC_ISA_USAGE = YES_ERROR;
				CLANG_WARN_DOCUMENTATION_COMMENTS = YES;
				CLANG_WARN_EMPTY_BODY = YES;
				CLANG_WARN_ENUM_CONVERSION = YES;
				CLANG_WARN_INFINITE_RECURSION = YES;
				CLANG_WARN_INT_CONVERSION = YES;
				CLANG_WARN_NON_LITERAL_NULL_CONVERSION = YES;
				CLANG_WARN_OBJC_IMPLICIT_RETAIN_SELF = YES;
				CLANG_WARN_OBJC_LITERAL_CONVERSION = YES;
				CLANG_WARN_OBJC_ROOT_CLASS = YES_ERROR;
				CLANG_WARN_QUOTED_INCLUDE_IN_FRAMEWORK_HEADER = YES;
				CLANG_WARN_RANGE_LOOP_ANALYSIS = YES;
				CLANG_WARN_STRICT_PROTOTYPES = YES;
				CLANG_WARN_SUSPICIOUS_MOVE = YES;
				CLANG_WARN_UNGUARDED_AVAILABILITY = YES_AGGRESSIVE;
				CLANG_WARN_UNREACHABLE_CODE = YES;
				CLANG_WARN__DUPLICATE_METHOD_MATCH = YES;
				COPY_PHASE_STRIP = NO;
				DEBUG_INFORMATION_FORMAT = dwarf;
				ENABLE_STRICT_OBJC_MSGSEND = YES;
				ENABLE_TESTABILITY = YES;
				GCC_C_LANGUAGE_STANDARD = gnu11;
				GCC_DYNAMIC_NO_PIC = NO;
				GCC_NO_COMMON_BLOCKS = YES;
				GCC_OPTIMIZATION_LEVEL = 0;
				GCC_PREPROCESSOR_DEFINITIONS = (
					"DEBUG=1",
					"$(inherited)",
				);
				GCC_WARN_64_TO_32_BIT_CONVERSION = YES;
				GCC_WARN_ABOUT_RETURN_TYPE = YES_ERROR;
				GCC_WARN_UNDECLARED_SELECTOR = YES;
				GCC_WARN_UNINITIALIZED_AUTOS = YES_AGGRESSIVE;
				GCC_WARN_UNUSED_FUNCTION = YES;
				GCC_WARN_UNUSED_VARIABLE = YES;
				MACOSX_DEPLOYMENT_TARGET = 12.0;
				MTL_ENABLE_DEBUG_INFO = INCLUDE_SOURCE;
				MTL_FAST_MATH = YES;
				ONLY_ACTIVE_ARCH = YES;
				SDKROOT = macosx;
			};
			name = Debug;
		};
		323BF2E9275DB6C500AC7965 /* Release */ = {
			isa = XCBuildConfiguration;
			buildSettings = {
				ALWAYS_SEARCH_USER_PATHS = NO;
				CLANG_ANALYZER_NONNULL = YES;
				CLANG_ANALYZER_NUMBER_OBJECT_CONVERSION = YES_AGGRESSIVE;
				CLANG_CXX_LANGUAGE_STANDARD = "gnu++17";
				CLANG_CXX_LIBRARY = "libc++";
				CLANG_ENABLE_MODULES = YES;
				CLANG_ENABLE_OBJC_ARC = YES;
				CLANG_ENABLE_OBJC_WEAK = YES;
				CLANG_WARN_BLOCK_CAPTURE_AUTORELEASING = YES;
				CLANG_WARN_BOOL_CONVERSION = YES;
				CLANG_WARN_COMMA = YES;
				CLANG_WARN_CONSTANT_CONVERSION = YES;
				CLANG_WARN_DEPRECATED_OBJC_IMPLEMENTATIONS = YES;
				CLANG_WARN_DIRECT_OBJC_ISA_USAGE = YES_ERROR;
				CLANG_WARN_DOCUMENTATION_COMMENTS = YES;
				CLANG_WARN_EMPTY_BODY = YES;
				CLANG_WARN_ENUM_CONVERSION = YES;
				CLANG_WARN_INFINITE_RECURSION = YES;
				CLANG_WARN_INT_CONVERSION = YES;
				CLANG_WARN_NON_LITERAL_NULL_CONVERSION = YES;
				CLANG_WARN_OBJC_IMPLICIT_RETAIN_SELF = YES;
				CLANG_WARN_OBJC_LITERAL_CONVERSION = YES;
				CLANG_WARN_OBJC_ROOT_CLASS = YES_ERROR;
				CLANG_WARN_QUOTED_INCLUDE_IN_FRAMEWORK_HEADER = YES;
				CLANG_WARN_RANGE_LOOP_ANALYSIS = YES;
				CLANG_WARN_STRICT_PROTOTYPES = YES;
				CLANG_WARN_SUSPICIOUS_MOVE = YES;
				CLANG_WARN_UNGUARDED_AVAILABILITY = YES_AGGRESSIVE;
				CLANG_WARN_UNREACHABLE_CODE = YES;
				CLANG_WARN__DUPLICATE_METHOD_MATCH = YES;
				COPY_PHASE_STRIP = NO;
				DEBUG_INFORMATION_FORMAT = "dwarf-with-dsym";
				ENABLE_NS_ASSERTIONS = NO;
				ENABLE_STRICT_OBJC_MSGSEND = YES;
				GCC_C_LANGUAGE_STANDARD = gnu11;
				GCC_NO_COMMON_BLOCKS = YES;
				GCC_WARN_64_TO_32_BIT_CONVERSION = YES;
				GCC_WARN_ABOUT_RETURN_TYPE = YES_ERROR;
				GCC_WARN_UNDECLARED_SELECTOR = YES;
				GCC_WARN_UNINITIALIZED_AUTOS = YES_AGGRESSIVE;
				GCC_WARN_UNUSED_FUNCTION = YES;
				GCC_WARN_UNUSED_VARIABLE = YES;
				MACOSX_DEPLOYMENT_TARGET = 12.0;
				MTL_ENABLE_DEBUG_INFO = NO;
				MTL_FAST_MATH = YES;
				SDKROOT = macosx;
			};
			name = Release;
		};
		323BF2EB275DB6C500AC7965 /* Debug */ = {
			isa = XCBuildConfiguration;
			buildSettings = {
				CODE_SIGN_STYLE = Automatic;
				PRODUCT_NAME = "$(TARGET_NAME)";
			};
			name = Debug;
		};
		323BF2EC275DB6C500AC7965 /* Release */ = {
			isa = XCBuildConfiguration;
			buildSettings = {
				CODE_SIGN_STYLE = Automatic;
				PRODUCT_NAME = "$(TARGET_NAME)";
			};
			name = Release;
		};
/* End XCBuildConfiguration section */

/* Begin XCConfigurationList section */
		323BF2DE275DB6C500AC7965 /* Build configuration list for PBXProject "AdvancedRPSGame" */ = {
			isa = XCConfigurationList;
			buildConfigurations = (
				323BF2E8275DB6C500AC7965 /* Debug */,
				323BF2E9275DB6C500AC7965 /* Release */,
			);
			defaultConfigurationIsVisible = 0;
			defaultConfigurationName = Release;
		};
		323BF2EA275DB6C500AC7965 /* Build configuration list for PBXNativeTarget "AdvancedRPSGame" */ = {
			isa = XCConfigurationList;
			buildConfigurations = (
				323BF2EB275DB6C500AC7965 /* Debug */,
				323BF2EC275DB6C500AC7965 /* Release */,
			);
			defaultConfigurationIsVisible = 0;
			defaultConfigurationName = Release;
		};
/* End XCConfigurationList section */
	};
	rootObject = 323BF2DB275DB6C500AC7965 /* Project object */;
}
